
Microsoft Visual Studio Solution File, Format Version 12.00
# Visual Studio Version 17
VisualStudioVersion = 17.10.35013.160
MinimumVisualStudioVersion = 10.0.40219.1
Project("{FAE04EC0-301F-11D3-BF4B-00C04F79EFBC}") = "Uniqlo", "Uniqlo\Uniqlo.csproj", "{D38A1A53-FDB3-4B1D-B3B4-0C98C1B75DE6}"
EndProject
Global
	GlobalSection(SolutionConfigurationPlatforms) = preSolution
		Debug|Any CPU = Debug|Any CPU
		Release|Any CPU = Release|Any CPU
	EndGlobalSection
	GlobalSection(ProjectConfigurationPlatforms) = postSolution
		{D38A1A53-FDB3-4B1D-B3B4-0C98C1B75DE6}.Debug|Any CPU.ActiveCfg = Debug|Any CPU
		{D38A1A53-FDB3-4B1D-B3B4-0C98C1B75DE6}.Debug|Any CPU.Build.0 = Debug|Any CPU
		{D38A1A53-FDB3-4B1D-B3B4-0C98C1B75DE6}.Release|Any CPU.ActiveCfg = Release|Any CPU
		{D38A1A53-FDB3-4B1D-B3B4-0C98C1B75DE6}.Release|Any CPU.Build.0 = Release|Any CPU
	EndGlobalSection
	GlobalSection(SolutionProperties) = preSolution
		HideSolutionNode = FALSE
	EndGlobalSection
	GlobalSection(ExtensibilityGlobals) = postSolution
		SolutionGuid = {017F5896-8330-45A6-8ABC-19A20B8CCC26}
	EndGlobalSection
EndGlobal
